
Microsoft Visual Studio Solution File, Format Version 11.00
# Visual Studio 2010
Project("{8BC9CEB8-8B4A-11D0-8D11-00A0C91BC942}") = "d-ary-heap", "d-ary-heap\d-ary-heap.vcxproj", "{E970E0CD-30CF-4D2C-99B6-0F823D64FE5D}"
EndProject
Project("{8BC9CEB8-8B4A-11D0-8D11-00A0C91BC942}") = "priority-queue", "priority-queue\priority-queue.vcxproj", "{4D3C5E76-5679-4CD9-A542-BFC204585664}"
EndProject
Project("{8BC9CEB8-8B4A-11D0-8D11-00A0C91BC942}") = "separated-set", "separated-set\separated-set.vcxproj", "{AA86A993-665A-4FDB-9DB6-C87D26755CFF}"
EndProject
Project("{8BC9CEB8-8B4A-11D0-8D11-00A0C91BC942}") = "graph", "graph\graph.vcxproj", "{28B3C46A-F138-4CAA-B111-357D2E44A377}"
EndProject
Project("{2150E333-8FDC-42A3-9474-1A3956D46DE8}") = "libs", "libs", "{6262AF11-412D-437F-A57C-92E26F71A837}"
EndProject
Project("{8BC9CEB8-8B4A-11D0-8D11-00A0C91BC942}") = "Kruskal", "Kruskal\Kruskal.vcxproj", "{32CFFB5F-336C-49A4-ACB4-D20B457EB651}"
EndProject
Project("{8BC9CEB8-8B4A-11D0-8D11-00A0C91BC942}") = "Dijkstra", "Dijkstra\Dijkstra.vcxproj", "{24275EB8-BE0B-457C-B366-B798CF23A7BC}"
EndProject
Project("{8BC9CEB8-8B4A-11D0-8D11-00A0C91BC942}") = "Heapsort", "Heapsort\Heapsort.vcxproj", "{0822E094-91ED-44A3-80BF-8AD95859139E}"
EndProject
Project("{8BC9CEB8-8B4A-11D0-8D11-00A0C91BC942}") = "gtest", "gtest\gtest.vcxproj", "{00BAE066-35DA-4E3F-902D-A1E8B3FB36DA}"
EndProject
Project("{2150E333-8FDC-42A3-9474-1A3956D46DE8}") = "algorithms", "algorithms", "{634540F1-3566-47B5-9681-8E9D919E1167}"
EndProject
Project("{8BC9CEB8-8B4A-11D0-8D11-00A0C91BC942}") = "tests", "tests\tests.vcxproj", "{9E196D39-3140-456D-A58E-4AB5683B1602}"
EndProject
Project("{8BC9CEB8-8B4A-11D0-8D11-00A0C91BC942}") = "Dijkstra_sample", "Dijkstra_sample\Dijkstra_sample.vcxproj", "{C2D2AFE3-E6CA-40FD-9736-CE20874E0DA0}"
EndProject
Project("{8BC9CEB8-8B4A-11D0-8D11-00A0C91BC942}") = "Kruskal_sample", "Kruskal_sample\Kruskal_sample.vcxproj", "{AA974483-3F7A-40A8-9C62-19559ECEB977}"
EndProject
Project("{8BC9CEB8-8B4A-11D0-8D11-00A0C91BC942}") = "Heapsort_sample", "Heapsort_sample\Heapsort_sample.vcxproj", "{04B08F9C-A475-4B28-B182-61FF96BC04BE}"
EndProject
Project("{2150E333-8FDC-42A3-9474-1A3956D46DE8}") = "samples", "samples", "{0CCD0D52-526E-4414-8B3C-A8C91AE3D503}"
EndProject
Global
	GlobalSection(SolutionConfigurationPlatforms) = preSolution
		Debug|Win32 = Debug|Win32
		Release|Win32 = Release|Win32
	EndGlobalSection
	GlobalSection(ProjectConfigurationPlatforms) = postSolution
		{E970E0CD-30CF-4D2C-99B6-0F823D64FE5D}.Debug|Win32.ActiveCfg = Debug|Win32
		{E970E0CD-30CF-4D2C-99B6-0F823D64FE5D}.Debug|Win32.Build.0 = Debug|Win32
		{E970E0CD-30CF-4D2C-99B6-0F823D64FE5D}.Release|Win32.ActiveCfg = Release|Win32
		{E970E0CD-30CF-4D2C-99B6-0F823D64FE5D}.Release|Win32.Build.0 = Release|Win32
		{4D3C5E76-5679-4CD9-A542-BFC204585664}.Debug|Win32.ActiveCfg = Debug|Win32
		{4D3C5E76-5679-4CD9-A542-BFC204585664}.Debug|Win32.Build.0 = Debug|Win32
		{4D3C5E76-5679-4CD9-A542-BFC204585664}.Release|Win32.ActiveCfg = Release|Win32
		{4D3C5E76-5679-4CD9-A542-BFC204585664}.Release|Win32.Build.0 = Release|Win32
		{AA86A993-665A-4FDB-9DB6-C87D26755CFF}.Debug|Win32.ActiveCfg = Debug|Win32
		{AA86A993-665A-4FDB-9DB6-C87D26755CFF}.Debug|Win32.Build.0 = Debug|Win32
		{AA86A993-665A-4FDB-9DB6-C87D26755CFF}.Release|Win32.ActiveCfg = Release|Win32
		{AA86A993-665A-4FDB-9DB6-C87D26755CFF}.Release|Win32.Build.0 = Release|Win32
		{28B3C46A-F138-4CAA-B111-357D2E44A377}.Debug|Win32.ActiveCfg = Debug|Win32
		{28B3C46A-F138-4CAA-B111-357D2E44A377}.Debug|Win32.Build.0 = Debug|Win32
		{28B3C46A-F138-4CAA-B111-357D2E44A377}.Release|Win32.ActiveCfg = Release|Win32
		{28B3C46A-F138-4CAA-B111-357D2E44A377}.Release|Win32.Build.0 = Release|Win32
		{32CFFB5F-336C-49A4-ACB4-D20B457EB651}.Debug|Win32.ActiveCfg = Debug|Win32
		{32CFFB5F-336C-49A4-ACB4-D20B457EB651}.Debug|Win32.Build.0 = Debug|Win32
		{32CFFB5F-336C-49A4-ACB4-D20B457EB651}.Release|Win32.ActiveCfg = Release|Win32
		{32CFFB5F-336C-49A4-ACB4-D20B457EB651}.Release|Win32.Build.0 = Release|Win32
		{24275EB8-BE0B-457C-B366-B798CF23A7BC}.Debug|Win32.ActiveCfg = Debug|Win32
		{24275EB8-BE0B-457C-B366-B798CF23A7BC}.Debug|Win32.Build.0 = Debug|Win32
		{24275EB8-BE0B-457C-B366-B798CF23A7BC}.Release|Win32.ActiveCfg = Release|Win32
		{24275EB8-BE0B-457C-B366-B798CF23A7BC}.Release|Win32.Build.0 = Release|Win32
		{0822E094-91ED-44A3-80BF-8AD95859139E}.Debug|Win32.ActiveCfg = Debug|Win32
		{0822E094-91ED-44A3-80BF-8AD95859139E}.Debug|Win32.Build.0 = Debug|Win32
		{0822E094-91ED-44A3-80BF-8AD95859139E}.Release|Win32.ActiveCfg = Release|Win32
		{0822E094-91ED-44A3-80BF-8AD95859139E}.Release|Win32.Build.0 = Release|Win32
		{00BAE066-35DA-4E3F-902D-A1E8B3FB36DA}.Debug|Win32.ActiveCfg = Debug|Win32
		{00BAE066-35DA-4E3F-902D-A1E8B3FB36DA}.Debug|Win32.Build.0 = Debug|Win32
		{00BAE066-35DA-4E3F-902D-A1E8B3FB36DA}.Release|Win32.ActiveCfg = Release|Win32
		{00BAE066-35DA-4E3F-902D-A1E8B3FB36DA}.Release|Win32.Build.0 = Release|Win32
		{9E196D39-3140-456D-A58E-4AB5683B1602}.Debug|Win32.ActiveCfg = Debug|Win32
		{9E196D39-3140-456D-A58E-4AB5683B1602}.Debug|Win32.Build.0 = Debug|Win32
		{9E196D39-3140-456D-A58E-4AB5683B1602}.Release|Win32.ActiveCfg = Release|Win32
		{9E196D39-3140-456D-A58E-4AB5683B1602}.Release|Win32.Build.0 = Release|Win32
		{C2D2AFE3-E6CA-40FD-9736-CE20874E0DA0}.Debug|Win32.ActiveCfg = Debug|Win32
		{C2D2AFE3-E6CA-40FD-9736-CE20874E0DA0}.Debug|Win32.Build.0 = Debug|Win32
		{C2D2AFE3-E6CA-40FD-9736-CE20874E0DA0}.Release|Win32.ActiveCfg = Release|Win32
		{C2D2AFE3-E6CA-40FD-9736-CE20874E0DA0}.Release|Win32.Build.0 = Release|Win32
		{AA974483-3F7A-40A8-9C62-19559ECEB977}.Debug|Win32.ActiveCfg = Debug|Win32
		{AA974483-3F7A-40A8-9C62-19559ECEB977}.Debug|Win32.Build.0 = Debug|Win32
		{AA974483-3F7A-40A8-9C62-19559ECEB977}.Release|Win32.ActiveCfg = Release|Win32
		{AA974483-3F7A-40A8-9C62-19559ECEB977}.Release|Win32.Build.0 = Release|Win32
		{04B08F9C-A475-4B28-B182-61FF96BC04BE}.Debug|Win32.ActiveCfg = Debug|Win32
		{04B08F9C-A475-4B28-B182-61FF96BC04BE}.Debug|Win32.Build.0 = Debug|Win32
		{04B08F9C-A475-4B28-B182-61FF96BC04BE}.Release|Win32.ActiveCfg = Release|Win32
		{04B08F9C-A475-4B28-B182-61FF96BC04BE}.Release|Win32.Build.0 = Release|Win32
	EndGlobalSection
	GlobalSection(SolutionProperties) = preSolution
		HideSolutionNode = FALSE
	EndGlobalSection
	GlobalSection(NestedProjects) = preSolution
		{E970E0CD-30CF-4D2C-99B6-0F823D64FE5D} = {6262AF11-412D-437F-A57C-92E26F71A837}
		{28B3C46A-F138-4CAA-B111-357D2E44A377} = {6262AF11-412D-437F-A57C-92E26F71A837}
		{4D3C5E76-5679-4CD9-A542-BFC204585664} = {6262AF11-412D-437F-A57C-92E26F71A837}
		{AA86A993-665A-4FDB-9DB6-C87D26755CFF} = {6262AF11-412D-437F-A57C-92E26F71A837}
		{24275EB8-BE0B-457C-B366-B798CF23A7BC} = {634540F1-3566-47B5-9681-8E9D919E1167}
		{32CFFB5F-336C-49A4-ACB4-D20B457EB651} = {634540F1-3566-47B5-9681-8E9D919E1167}
		{0822E094-91ED-44A3-80BF-8AD95859139E} = {634540F1-3566-47B5-9681-8E9D919E1167}
		{04B08F9C-A475-4B28-B182-61FF96BC04BE} = {0CCD0D52-526E-4414-8B3C-A8C91AE3D503}
		{AA974483-3F7A-40A8-9C62-19559ECEB977} = {0CCD0D52-526E-4414-8B3C-A8C91AE3D503}
		{C2D2AFE3-E6CA-40FD-9736-CE20874E0DA0} = {0CCD0D52-526E-4414-8B3C-A8C91AE3D503}
	EndGlobalSection
EndGlobal
